// !$*UTF8*$!
{
	archiveVersion = 1;
	classes = {
	};
	objectVersion = 50;
	objects = {

/* Begin PBXBuildFile section */
		C57F4F75273C48A6001BA085 /* AppDelegate.swift in Sources */ = {isa = PBXBuildFile; fileRef = C57F4F74273C48A6001BA085 /* AppDelegate.swift */; };
		C57F4F77273C48A6001BA085 /* SceneDelegate.swift in Sources */ = {isa = PBXBuildFile; fileRef = C57F4F76273C48A6001BA085 /* SceneDelegate.swift */; };
		C57F4F79273C48A6001BA085 /* ViewController.swift in Sources */ = {isa = PBXBuildFile; fileRef = C57F4F78273C48A6001BA085 /* ViewController.swift */; };
		C57F4F7C273C48A6001BA085 /* Main.storyboard in Resources */ = {isa = PBXBuildFile; fileRef = C57F4F7A273C48A6001BA085 /* Main.storyboard */; };
		C57F4F7E273C48A7001BA085 /* Assets.xcassets in Resources */ = {isa = PBXBuildFile; fileRef = C57F4F7D273C48A7001BA085 /* Assets.xcassets */; };
		C57F4F81273C48A7001BA085 /* LaunchScreen.storyboard in Resources */ = {isa = PBXBuildFile; fileRef = C57F4F7F273C48A7001BA085 /* LaunchScreen.storyboard */; };
		FBF407BD2740E6C3C29F9DAF /* Pods_LoginRxSwiftMVVM.framework in Frameworks */ = {isa = PBXBuildFile; fileRef = B5D4A269656CD9B9EF49D7A9 /* Pods_LoginRxSwiftMVVM.framework */; };
/* End PBXBuildFile section */

/* Begin PBXFileReference section */
		2E00797C4AFFA195BE16A74F /* Pods-LoginRxSwiftMVVM.debug.xcconfig */ = {isa = PBXFileReference; includeInIndex = 1; lastKnownFileType = text.xcconfig; name = "Pods-LoginRxSwiftMVVM.debug.xcconfig"; path = "Target Support Files/Pods-LoginRxSwiftMVVM/Pods-LoginRxSwiftMVVM.debug.xcconfig"; sourceTree = "<group>"; };
		B5D4A269656CD9B9EF49D7A9 /* Pods_LoginRxSwiftMVVM.framework */ = {isa = PBXFileReference; explicitFileType = wrapper.framework; includeInIndex = 0; path = Pods_LoginRxSwiftMVVM.framework; sourceTree = BUILT_PRODUCTS_DIR; };
		BEC2D3594A81E082BA6B6854 /* Pods-LoginRxSwiftMVVM.release.xcconfig */ = {isa = PBXFileReference; includeInIndex = 1; lastKnownFileType = text.xcconfig; name = "Pods-LoginRxSwiftMVVM.release.xcconfig"; path = "Target Support Files/Pods-LoginRxSwiftMVVM/Pods-LoginRxSwiftMVVM.release.xcconfig"; sourceTree = "<group>"; };
		C57F4F71273C48A6001BA085 /* LoginRxSwiftMVVM.app */ = {isa = PBXFileReference; explicitFileType = wrapper.application; includeInIndex = 0; path = LoginRxSwiftMVVM.app; sourceTree = BUILT_PRODUCTS_DIR; };
		C57F4F74273C48A6001BA085 /* AppDelegate.swift */ = {isa = PBXFileReference; lastKnownFileType = sourcecode.swift; path = AppDelegate.swift; sourceTree = "<group>"; };
		C57F4F76273C48A6001BA085 /* SceneDelegate.swift */ = {isa = PBXFileReference; lastKnownFileType = sourcecode.swift; path = SceneDelegate.swift; sourceTree = "<group>"; };
		C57F4F78273C48A6001BA085 /* ViewController.swift */ = {isa = PBXFileReference; lastKnownFileType = sourcecode.swift; path = ViewController.swift; sourceTree = "<group>"; };
		C57F4F7B273C48A6001BA085 /* Base */ = {isa = PBXFileReference; lastKnownFileType = file.storyboard; name = Base; path = Base.lproj/Main.storyboard; sourceTree = "<group>"; };
		C57F4F7D273C48A7001BA085 /* Assets.xcassets */ = {isa = PBXFileReference; lastKnownFileType = folder.assetcatalog; path = Assets.xcassets; sourceTree = "<group>"; };
		C57F4F80273C48A7001BA085 /* Base */ = {isa = PBXFileReference; lastKnownFileType = file.storyboard; name = Base; path = Base.lproj/LaunchScreen.storyboard; sourceTree = "<group>"; };
		C57F4F82273C48A7001BA085 /* Info.plist */ = {isa = PBXFileReference; lastKnownFileType = text.plist.xml; path = Info.plist; sourceTree = "<group>"; };
/* End PBXFileReference section */

/* Begin PBXFrameworksBuildPhase section */
		C57F4F6E273C48A6001BA085 /* Frameworks */ = {
			isa = PBXFrameworksBuildPhase;
			buildActionMask = 2147483647;
			files = (
				FBF407BD2740E6C3C29F9DAF /* Pods_LoginRxSwiftMVVM.framework in Frameworks */,
			);
			runOnlyForDeploymentPostprocessing = 0;
		};
/* End PBXFrameworksBuildPhase section */

/* Begin PBXGroup section */
		3A2AEF62BE1A728A57F25398 /* Pods */ = {
			isa = PBXGroup;
			children = (
				2E00797C4AFFA195BE16A74F /* Pods-LoginRxSwiftMVVM.debug.xcconfig */,
				BEC2D3594A81E082BA6B6854 /* Pods-LoginRxSwiftMVVM.release.xcconfig */,
			);
			name = Pods;
			path = Pods;
			sourceTree = "<group>";
		};
		A3A91C1B71CFDC4AFE6BAC55 /* Frameworks */ = {
			isa = PBXGroup;
			children = (
				B5D4A269656CD9B9EF49D7A9 /* Pods_LoginRxSwiftMVVM.framework */,
			);
			name = Frameworks;
			sourceTree = "<group>";
		};
		C57F4F68273C48A6001BA085 = {
			isa = PBXGroup;
			children = (
				C57F4F73273C48A6001BA085 /* LoginRxSwiftMVVM */,
				C57F4F72273C48A6001BA085 /* Products */,
				3A2AEF62BE1A728A57F25398 /* Pods */,
				A3A91C1B71CFDC4AFE6BAC55 /* Frameworks */,
			);
			sourceTree = "<group>";
		};
		C57F4F72273C48A6001BA085 /* Products */ = {
			isa = PBXGroup;
			children = (
				C57F4F71273C48A6001BA085 /* LoginRxSwiftMVVM.app */,
			);
			name = Products;
			sourceTree = "<group>";
		};
		C57F4F73273C48A6001BA085 /* LoginRxSwiftMVVM */ = {
			isa = PBXGroup;
			children = (
				C57F4F74273C48A6001BA085 /* AppDelegate.swift */,
				C57F4F76273C48A6001BA085 /* SceneDelegate.swift */,
				C57F4F78273C48A6001BA085 /* ViewController.swift */,
				C57F4F7A273C48A6001BA085 /* Main.storyboard */,
				C57F4F7D273C48A7001BA085 /* Assets.xcassets */,
				C57F4F7F273C48A7001BA085 /* LaunchScreen.storyboard */,
				C57F4F82273C48A7001BA085 /* Info.plist */,
			);
			path = LoginRxSwiftMVVM;
			sourceTree = "<group>";
		};
/* End PBXGroup section */

/* Begin PBXNativeTarget section */
		C57F4F70273C48A6001BA085 /* LoginRxSwiftMVVM */ = {
			isa = PBXNativeTarget;
			buildConfigurationList = C57F4F85273C48A7001BA085 /* Build configuration list for PBXNativeTarget "LoginRxSwiftMVVM" */;
			buildPhases = (
				B4458A4A85CDF42291FDF944 /* [CP] Check Pods Manifest.lock */,
				C57F4F6D273C48A6001BA085 /* Sources */,
				C57F4F6E273C48A6001BA085 /* Frameworks */,
				C57F4F6F273C48A6001BA085 /* Resources */,
				AE9452E9173402C51A03C5DB /* [CP] Embed Pods Frameworks */,
			);
			buildRules = (
			);
			dependencies = (
			);
			name = LoginRxSwiftMVVM;
			productName = LoginRxSwiftMVVM;
			productReference = C57F4F71273C48A6001BA085 /* LoginRxSwiftMVVM.app */;
			productType = "com.apple.product-type.application";
		};
/* End PBXNativeTarget section */

/* Begin PBXProject section */
		C57F4F69273C48A6001BA085 /* Project object */ = {
			isa = PBXProject;
			attributes = {
				LastSwiftUpdateCheck = 1240;
				LastUpgradeCheck = 1240;
				TargetAttributes = {
					C57F4F70273C48A6001BA085 = {
						CreatedOnToolsVersion = 12.4;
					};
				};
			};
			buildConfigurationList = C57F4F6C273C48A6001BA085 /* Build configuration list for PBXProject "LoginRxSwiftMVVM" */;
			compatibilityVersion = "Xcode 9.3";
			developmentRegion = en;
			hasScannedForEncodings = 0;
			knownRegions = (
				en,
				Base,
			);
			mainGroup = C57F4F68273C48A6001BA085;
			productRefGroup = C57F4F72273C48A6001BA085 /* Products */;
			projectDirPath = "";
			projectRoot = "";
			targets = (
				C57F4F70273C48A6001BA085 /* LoginRxSwiftMVVM */,
			);
		};
/* End PBXProject section */

/* Begin PBXResourcesBuildPhase section */
		C57F4F6F273C48A6001BA085 /* Resources */ = {
			isa = PBXResourcesBuildPhase;
			buildActionMask = 2147483647;
			files = (
				C57F4F81273C48A7001BA085 /* LaunchScreen.storyboard in Resources */,
				C57F4F7E273C48A7001BA085 /* Assets.xcassets in Resources */,
				C57F4F7C273C48A6001BA085 /* Main.storyboard in Resources */,
			);
			runOnlyForDeploymentPostprocessing = 0;
		};
/* End PBXResourcesBuildPhase section */

/* Begin PBXShellScriptBuildPhase section */
		AE9452E9173402C51A03C5DB /* [CP] Embed Pods Frameworks */ = {
			isa = PBXShellScriptBuildPhase;
			buildActionMask = 2147483647;
			files = (
			);
			inputFileListPaths = (
				"${PODS_ROOT}/Target Support Files/Pods-LoginRxSwiftMVVM/Pods-LoginRxSwiftMVVM-frameworks-${CONFIGURATION}-input-files.xcfilelist",
			);
			name = "[CP] Embed Pods Frameworks";
			outputFileListPaths = (
				"${PODS_ROOT}/Target Support Files/Pods-LoginRxSwiftMVVM/Pods-LoginRxSwiftMVVM-frameworks-${CONFIGURATION}-output-files.xcfilelist",
			);
			runOnlyForDeploymentPostprocessing = 0;
			shellPath = /bin/sh;
			shellScript = "\"${PODS_ROOT}/Target Support Files/Pods-LoginRxSwiftMVVM/Pods-LoginRxSwiftMVVM-frameworks.sh\"\n";
			showEnvVarsInLog = 0;
		};
		B4458A4A85CDF42291FDF944 /* [CP] Check Pods Manifest.lock */ = {
			isa = PBXShellScriptBuildPhase;
			buildActionMask = 2147483647;
			files = (
			);
			inputFileListPaths = (
			);
			inputPaths = (
				"${PODS_PODFILE_DIR_PATH}/Podfile.lock",
				"${PODS_ROOT}/Manifest.lock",
			);
			name = "[CP] Check Pods Manifest.lock";
			outputFileListPaths = (
			);
			outputPaths = (
				"$(DERIVED_FILE_DIR)/Pods-LoginRxSwiftMVVM-checkManifestLockResult.txt",
			);
			runOnlyForDeploymentPostprocessing = 0;
			shellPath = /bin/sh;
			shellScript = "diff \"${PODS_PODFILE_DIR_PATH}/Podfile.lock\" \"${PODS_ROOT}/Manifest.lock\" > /dev/null\nif [ $? != 0 ] ; then\n    # print error to STDERR\n    echo \"error: The sandbox is not in sync with the Podfile.lock. Run 'pod install' or update your CocoaPods installation.\" >&2\n    exit 1\nfi\n# This output is used by Xcode 'outputs' to avoid re-running this script phase.\necho \"SUCCESS\" > \"${SCRIPT_OUTPUT_FILE_0}\"\n";
			showEnvVarsInLog = 0;
		};
/* End PBXShellScriptBuildPhase section */

/* Begin PBXSourcesBuildPhase section */
		C57F4F6D273C48A6001BA085 /* Sources */ = {
			isa = PBXSourcesBuildPhase;
			buildActionMask = 2147483647;
			files = (
				C57F4F79273C48A6001BA085 /* ViewController.swift in Sources */,
				C57F4F75273C48A6001BA085 /* AppDelegate.swift in Sources */,
				C57F4F77273C48A6001BA085 /* SceneDelegate.swift in Sources */,
			);
			runOnlyForDeploymentPostprocessing = 0;
		};
/* End PBXSourcesBuildPhase section */

/* Begin PBXVariantGroup section */
		C57F4F7A273C48A6001BA085 /* Main.storyboard */ = {
			isa = PBXVariantGroup;
			children = (
				C57F4F7B273C48A6001BA085 /* Base */,
			);
			name = Main.storyboard;
			sourceTree = "<group>";
		};
		C57F4F7F273C48A7001BA085 /* LaunchScreen.storyboard */ = {
			isa = PBXVariantGroup;
			children = (
				C57F4F80273C48A7001BA085 /* Base */,
			);
			name = LaunchScreen.storyboard;
			sourceTree = "<group>";
		};
/* End PBXVariantGroup section */

/* Begin XCBuildConfiguration section */
		C57F4F83273C48A7001BA085 /* Debug */ = {
			isa = XCBuildConfiguration;
			buildSettings = {
				ALWAYS_SEARCH_USER_PATHS = NO;
				CLANG_ANALYZER_NONNULL = YES;
				CLANG_ANALYZER_NUMBER_OBJECT_CONVERSION = YES_AGGRESSIVE;
				CLANG_CXX_LANGUAGE_STANDARD = "gnu++14";
				CLANG_CXX_LIBRARY = "libc++";
				CLANG_ENABLE_MODULES = YES;
				CLANG_ENABLE_OBJC_ARC = YES;
				CLANG_ENABLE_OBJC_WEAK = YES;
				CLANG_WARN_BLOCK_CAPTURE_AUTORELEASING = YES;
				CLANG_WARN_BOOL_CONVERSION = YES;
				CLANG_WARN_COMMA = YES;
				CLANG_WARN_CONSTANT_CONVERSION = YES;
				CLANG_WARN_DEPRECATED_OBJC_IMPLEMENTATIONS = YES;
				CLANG_WARN_DIRECT_OBJC_ISA_USAGE = YES_ERROR;
				CLANG_WARN_DOCUMENTATION_COMMENTS = YES;
				CLANG_WARN_EMPTY_BODY = YES;
				CLANG_WARN_ENUM_CONVERSION = YES;
				CLANG_WARN_INFINITE_RECURSION = YES;
				CLANG_WARN_INT_CONVERSION = YES;
				CLANG_WARN_NON_LITERAL_NULL_CONVERSION = YES;
				CLANG_WARN_OBJC_IMPLICIT_RETAIN_SELF = YES;
				CLANG_WARN_OBJC_LITERAL_CONVERSION = YES;
				CLANG_WARN_OBJC_ROOT_CLASS = YES_ERROR;
				CLANG_WARN_QUOTED_INCLUDE_IN_FRAMEWORK_HEADER = YES;
				CLANG_WARN_RANGE_LOOP_ANALYSIS = YES;
				CLANG_WARN_STRICT_PROTOTYPES = YES;
				CLANG_WARN_SUSPICIOUS_MOVE = YES;
				CLANG_WARN_UNGUARDED_AVAILABILITY = YES_AGGRESSIVE;
				CLANG_WARN_UNREACHABLE_CODE = YES;
				CLANG_WARN__DUPLICATE_METHOD_MATCH = YES;
				COPY_PHASE_STRIP = NO;
				DEBUG_INFORMATION_FORMAT = dwarf;
				ENABLE_STRICT_OBJC_MSGSEND = YES;
				ENABLE_TESTABILITY = YES;
				GCC_C_LANGUAGE_STANDARD = gnu11;
				GCC_DYNAMIC_NO_PIC = NO;
				GCC_NO_COMMON_BLOCKS = YES;
				GCC_OPTIMIZATION_LEVEL = 0;
				GCC_PREPROCESSOR_DEFINITIONS = (
					"DEBUG=1",
					"$(inherited)",
				);
				GCC_WARN_64_TO_32_BIT_CONVERSION = YES;
				GCC_WARN_ABOUT_RETURN_TYPE = YES_ERROR;
				GCC_WARN_UNDECLARED_SELECTOR = YES;
				GCC_WARN_UNINITIALIZED_AUTOS = YES_AGGRESSIVE;
				GCC_WARN_UNUSED_FUNCTION = YES;
				GCC_WARN_UNUSED_VARIABLE = YES;
				IPHONEOS_DEPLOYMENT_TARGET = 14.4;
				MTL_ENABLE_DEBUG_INFO = INCLUDE_SOURCE;
				MTL_FAST_MATH = YES;
				ONLY_ACTIVE_ARCH = YES;
				SDKROOT = iphoneos;
				SWIFT_ACTIVE_COMPILATION_CONDITIONS = DEBUG;
				SWIFT_OPTIMIZATION_LEVEL = "-Onone";
			};
			name = Debug;
		};
		C57F4F84273C48A7001BA085 /* Release */ = {
			isa = XCBuildConfiguration;
			buildSettings = {
				ALWAYS_SEARCH_USER_PATHS = NO;
				CLANG_ANALYZER_NONNULL = YES;
				CLANG_ANALYZER_NUMBER_OBJECT_CONVERSION = YES_AGGRESSIVE;
				CLANG_CXX_LANGUAGE_STANDARD = "gnu++14";
				CLANG_CXX_LIBRARY = "libc++";
				CLANG_ENABLE_MODULES = YES;
				CLANG_ENABLE_OBJC_ARC = YES;
				CLANG_ENABLE_OBJC_WEAK = YES;
				CLANG_WARN_BLOCK_CAPTURE_AUTORELEASING = YES;
				CLANG_WARN_BOOL_CONVERSION = YES;
				CLANG_WARN_COMMA = YES;
				CLANG_WARN_CONSTANT_CONVERSION = YES;
				CLANG_WARN_DEPRECATED_OBJC_IMPLEMENTATIONS = YES;
				CLANG_WARN_DIRECT_OBJC_ISA_USAGE = YES_ERROR;
				CLANG_WARN_DOCUMENTATION_COMMENTS = YES;
				CLANG_WARN_EMPTY_BODY = YES;
				CLANG_WARN_ENUM_CONVERSION = YES;
				CLANG_WARN_INFINITE_RECURSION = YES;
				CLANG_WARN_INT_CONVERSION = YES;
				CLANG_WARN_NON_LITERAL_NULL_CONVERSION = YES;
				CLANG_WARN_OBJC_IMPLICIT_RETAIN_SELF = YES;
				CLANG_WARN_OBJC_LITERAL_CONVERSION = YES;
				CLANG_WARN_OBJC_ROOT_CLASS = YES_ERROR;
				CLANG_WARN_QUOTED_INCLUDE_IN_FRAMEWORK_HEADER = YES;
				CLANG_WARN_RANGE_LOOP_ANALYSIS = YES;
				CLANG_WARN_STRICT_PROTOTYPES = YES;
				CLANG_WARN_SUSPICIOUS_MOVE = YES;
				CLANG_WARN_UNGUARDED_AVAILABILITY = YES_AGGRESSIVE;
				CLANG_WARN_UNREACHABLE_CODE = YES;
				CLANG_WARN__DUPLICATE_METHOD_MATCH = YES;
				COPY_PHASE_STRIP = NO;
				DEBUG_INFORMATION_FORMAT = "dwarf-with-dsym";
				ENABLE_NS_ASSERTIONS = NO;
				ENABLE_STRICT_OBJC_MSGSEND = YES;
				GCC_C_LANGUAGE_STANDARD = gnu11;
				GCC_NO_COMMON_BLOCKS = YES;
				GCC_WARN_64_TO_32_BIT_CONVERSION = YES;
				GCC_WARN_ABOUT_RETURN_TYPE = YES_ERROR;
				GCC_WARN_UNDECLARED_SELECTOR = YES;
				GCC_WARN_UNINITIALIZED_AUTOS = YES_AGGRESSIVE;
				GCC_WARN_UNUSED_FUNCTION = YES;
				GCC_WARN_UNUSED_VARIABLE = YES;
				IPHONEOS_DEPLOYMENT_TARGET = 14.4;
				MTL_ENABLE_DEBUG_INFO = NO;
				MTL_FAST_MATH = YES;
				SDKROOT = iphoneos;
				SWIFT_COMPILATION_MODE = wholemodule;
				SWIFT_OPTIMIZATION_LEVEL = "-O";
				VALIDATE_PRODUCT = YES;
			};
			name = Release;
		};
		C57F4F86273C48A7001BA085 /* Debug */ = {
			isa = XCBuildConfiguration;
			baseConfigurationReference = 2E00797C4AFFA195BE16A74F /* Pods-LoginRxSwiftMVVM.debug.xcconfig */;
			buildSettings = {
				ASSETCATALOG_COMPILER_APPICON_NAME = AppIcon;
				ASSETCATALOG_COMPILER_GLOBAL_ACCENT_COLOR_NAME = AccentColor;
				CODE_SIGN_STYLE = Automatic;
				DEVELOPMENT_TEAM = 5CDGW4297F;
				INFOPLIST_FILE = LoginRxSwiftMVVM/Info.plist;
				LD_RUNPATH_SEARCH_PATHS = (
					"$(inherited)",
					"@executable_path/Frameworks",
				);
				PRODUCT_BUNDLE_IDENTIFIER = com.matthewdolan.LoginRxSwiftMVVM;
				PRODUCT_NAME = "$(TARGET_NAME)";
				SWIFT_VERSION = 5.0;
				TARGETED_DEVICE_FAMILY = "1,2";
			};
			name = Debug;
		};
		C57F4F87273C48A7001BA085 /* Release */ = {
			isa = XCBuildConfiguration;
			baseConfigurationReference = BEC2D3594A81E082BA6B6854 /* Pods-LoginRxSwiftMVVM.release.xcconfig */;
			buildSettings = {
				ASSETCATALOG_COMPILER_APPICON_NAME = AppIcon;
				ASSETCATALOG_COMPILER_GLOBAL_ACCENT_COLOR_NAME = AccentColor;
				CODE_SIGN_STYLE = Automatic;
				DEVELOPMENT_TEAM = 5CDGW4297F;
				INFOPLIST_FILE = LoginRxSwiftMVVM/Info.plist;
				LD_RUNPATH_SEARCH_PATHS = (
					"$(inherited)",
					"@executable_path/Frameworks",
				);
				PRODUCT_BUNDLE_IDENTIFIER = com.matthewdolan.LoginRxSwiftMVVM;
				PRODUCT_NAME = "$(TARGET_NAME)";
				SWIFT_VERSION = 5.0;
				TARGETED_DEVICE_FAMILY = "1,2";
			};
			name = Release;
		};
/* End XCBuildConfiguration section */

/* Begin XCConfigurationList section */
		C57F4F6C273C48A6001BA085 /* Build configuration list for PBXProject "LoginRxSwiftMVVM" */ = {
			isa = XCConfigurationList;
			buildConfigurations = (
				C57F4F83273C48A7001BA085 /* Debug */,
				C57F4F84273C48A7001BA085 /* Release */,
			);
			defaultConfigurationIsVisible = 0;
			defaultConfigurationName = Release;
		};
		C57F4F85273C48A7001BA085 /* Build configuration list for PBXNativeTarget "LoginRxSwiftMVVM" */ = {
			isa = XCConfigurationList;
			buildConfigurations = (
				C57F4F86273C48A7001BA085 /* Debug */,
				C57F4F87273C48A7001BA085 /* Release */,
			);
			defaultConfigurationIsVisible = 0;
			defaultConfigurationName = Release;
		};
/* End XCConfigurationList section */
	};
	rootObject = C57F4F69273C48A6001BA085 /* Project object */;
}
